// !$*UTF8*$!
{
	archiveVersion = 1;
	classes = {
	};
	objectVersion = 56;
	objects = {

/* Begin PBXBuildFile section */
		4003101C2A9C73670038E61B /* AppDelegate.swift in Sources */ = {isa = PBXBuildFile; fileRef = 4003101B2A9C73670038E61B /* AppDelegate.swift */; };
		4003101E2A9C73670038E61B /* SceneDelegate.swift in Sources */ = {isa = PBXBuildFile; fileRef = 4003101D2A9C73670038E61B /* SceneDelegate.swift */; };
		400310252A9C736A0038E61B /* Assets.xcassets in Resources */ = {isa = PBXBuildFile; fileRef = 400310242A9C736A0038E61B /* Assets.xcassets */; };
		400310332A9C736B0038E61B /* PaintscapeTests.swift in Sources */ = {isa = PBXBuildFile; fileRef = 400310322A9C736B0038E61B /* PaintscapeTests.swift */; };
		4003103D2A9C736B0038E61B /* PaintscapeUITests.swift in Sources */ = {isa = PBXBuildFile; fileRef = 4003103C2A9C736B0038E61B /* PaintscapeUITests.swift */; };
		4003103F2A9C736B0038E61B /* PaintscapeUITestsLaunchTests.swift in Sources */ = {isa = PBXBuildFile; fileRef = 4003103E2A9C736B0038E61B /* PaintscapeUITestsLaunchTests.swift */; };
		40D0502E2A9F0E9400D0566C /* CanvasView.swift in Sources */ = {isa = PBXBuildFile; fileRef = 40D0502D2A9F0E9400D0566C /* CanvasView.swift */; };
		40D050322A9F0EA100D0566C /* AppViewController.swift in Sources */ = {isa = PBXBuildFile; fileRef = 40D050312A9F0EA100D0566C /* AppViewController.swift */; };
		40D050362A9F0EAB00D0566C /* MagnifyingGlassView.swift in Sources */ = {isa = PBXBuildFile; fileRef = 40D050352A9F0EAB00D0566C /* MagnifyingGlassView.swift */; };
		40D050382A9F0EAF00D0566C /* MenuView.swift in Sources */ = {isa = PBXBuildFile; fileRef = 40D050372A9F0EAF00D0566C /* MenuView.swift */; };
		40D050402A9F0F7700D0566C /* Pixel.swift in Sources */ = {isa = PBXBuildFile; fileRef = 40D0503B2A9F0F7700D0566C /* Pixel.swift */; };
		40D050412A9F0F7700D0566C /* Tip.swift in Sources */ = {isa = PBXBuildFile; fileRef = 40D0503C2A9F0F7700D0566C /* Tip.swift */; };
		40D050422A9F0F7700D0566C /* History.swift in Sources */ = {isa = PBXBuildFile; fileRef = 40D0503D2A9F0F7700D0566C /* History.swift */; };
		40D050432A9F0F7700D0566C /* RGBA32.swift in Sources */ = {isa = PBXBuildFile; fileRef = 40D0503E2A9F0F7700D0566C /* RGBA32.swift */; };
		40D050442A9F0F7700D0566C /* Stroke.swift in Sources */ = {isa = PBXBuildFile; fileRef = 40D0503F2A9F0F7700D0566C /* Stroke.swift */; };
		40D0504B2A9F0F8B00D0566C /* UIViewControllerExtension.swift in Sources */ = {isa = PBXBuildFile; fileRef = 40D050452A9F0F8A00D0566C /* UIViewControllerExtension.swift */; };
		40D0504C2A9F0F8B00D0566C /* CurveHelper.swift in Sources */ = {isa = PBXBuildFile; fileRef = 40D050462A9F0F8A00D0566C /* CurveHelper.swift */; };
		40D0504D2A9F0F8B00D0566C /* UIImageViewExtension.swift in Sources */ = {isa = PBXBuildFile; fileRef = 40D050472A9F0F8A00D0566C /* UIImageViewExtension.swift */; };
		40D0504E2A9F0F8B00D0566C /* UIColorExtension.swift in Sources */ = {isa = PBXBuildFile; fileRef = 40D050482A9F0F8B00D0566C /* UIColorExtension.swift */; };
		40D0504F2A9F0F8B00D0566C /* UIViewExtension.swift in Sources */ = {isa = PBXBuildFile; fileRef = 40D050492A9F0F8B00D0566C /* UIViewExtension.swift */; };
		40D050562A9F3D9900D0566C /* ContainerStackView.swift in Sources */ = {isa = PBXBuildFile; fileRef = 40D050552A9F3D9900D0566C /* ContainerStackView.swift */; };
		40D050572A9F3DF700D0566C /* Tip.swift in Sources */ = {isa = PBXBuildFile; fileRef = 40D0503C2A9F0F7700D0566C /* Tip.swift */; };
		40D050582A9F3DFF00D0566C /* History.swift in Sources */ = {isa = PBXBuildFile; fileRef = 40D0503D2A9F0F7700D0566C /* History.swift */; };
		40D050592A9F3E0400D0566C /* Pixel.swift in Sources */ = {isa = PBXBuildFile; fileRef = 40D0503B2A9F0F7700D0566C /* Pixel.swift */; };
		40D0505A2A9F3E0600D0566C /* Stroke.swift in Sources */ = {isa = PBXBuildFile; fileRef = 40D0503F2A9F0F7700D0566C /* Stroke.swift */; };
		40D0505B2A9F3E0900D0566C /* RGBA32.swift in Sources */ = {isa = PBXBuildFile; fileRef = 40D0503E2A9F0F7700D0566C /* RGBA32.swift */; };
		40D0505C2A9F3E2900D0566C /* CurveHelper.swift in Sources */ = {isa = PBXBuildFile; fileRef = 40D050462A9F0F8A00D0566C /* CurveHelper.swift */; };
/* End PBXBuildFile section */

/* Begin PBXContainerItemProxy section */
		4003102F2A9C736B0038E61B /* PBXContainerItemProxy */ = {
			isa = PBXContainerItemProxy;
			containerPortal = 400310102A9C73670038E61B /* Project object */;
			proxyType = 1;
			remoteGlobalIDString = 400310172A9C73670038E61B;
			remoteInfo = idk;
		};
		400310392A9C736B0038E61B /* PBXContainerItemProxy */ = {
			isa = PBXContainerItemProxy;
			containerPortal = 400310102A9C73670038E61B /* Project object */;
			proxyType = 1;
			remoteGlobalIDString = 400310172A9C73670038E61B;
			remoteInfo = idk;
		};
/* End PBXContainerItemProxy section */

/* Begin PBXFileReference section */
		400310182A9C73670038E61B /* Paintscape.app */ = {isa = PBXFileReference; explicitFileType = wrapper.application; includeInIndex = 0; path = Paintscape.app; sourceTree = BUILT_PRODUCTS_DIR; };
		4003101B2A9C73670038E61B /* AppDelegate.swift */ = {isa = PBXFileReference; lastKnownFileType = sourcecode.swift; path = AppDelegate.swift; sourceTree = "<group>"; };
		4003101D2A9C73670038E61B /* SceneDelegate.swift */ = {isa = PBXFileReference; lastKnownFileType = sourcecode.swift; path = SceneDelegate.swift; sourceTree = "<group>"; };
		400310242A9C736A0038E61B /* Assets.xcassets */ = {isa = PBXFileReference; lastKnownFileType = folder.assetcatalog; path = Assets.xcassets; sourceTree = "<group>"; };
		400310292A9C736A0038E61B /* Info.plist */ = {isa = PBXFileReference; lastKnownFileType = text.plist.xml; path = Info.plist; sourceTree = "<group>"; };
		4003102E2A9C736B0038E61B /* PaintscapeTests.xctest */ = {isa = PBXFileReference; explicitFileType = wrapper.cfbundle; includeInIndex = 0; path = PaintscapeTests.xctest; sourceTree = BUILT_PRODUCTS_DIR; };
		400310322A9C736B0038E61B /* PaintscapeTests.swift */ = {isa = PBXFileReference; lastKnownFileType = sourcecode.swift; path = PaintscapeTests.swift; sourceTree = "<group>"; };
		400310382A9C736B0038E61B /* PaintscapeUITests.xctest */ = {isa = PBXFileReference; explicitFileType = wrapper.cfbundle; includeInIndex = 0; path = PaintscapeUITests.xctest; sourceTree = BUILT_PRODUCTS_DIR; };
		4003103C2A9C736B0038E61B /* PaintscapeUITests.swift */ = {isa = PBXFileReference; lastKnownFileType = sourcecode.swift; path = PaintscapeUITests.swift; sourceTree = "<group>"; };
		4003103E2A9C736B0038E61B /* PaintscapeUITestsLaunchTests.swift */ = {isa = PBXFileReference; lastKnownFileType = sourcecode.swift; path = PaintscapeUITestsLaunchTests.swift; sourceTree = "<group>"; };
		40D0502D2A9F0E9400D0566C /* CanvasView.swift */ = {isa = PBXFileReference; fileEncoding = 4; lastKnownFileType = sourcecode.swift; path = CanvasView.swift; sourceTree = "<group>"; };
		40D050312A9F0EA100D0566C /* AppViewController.swift */ = {isa = PBXFileReference; fileEncoding = 4; lastKnownFileType = sourcecode.swift; path = AppViewController.swift; sourceTree = "<group>"; };
		40D050352A9F0EAB00D0566C /* MagnifyingGlassView.swift */ = {isa = PBXFileReference; fileEncoding = 4; lastKnownFileType = sourcecode.swift; path = MagnifyingGlassView.swift; sourceTree = "<group>"; };
		40D050372A9F0EAF00D0566C /* MenuView.swift */ = {isa = PBXFileReference; fileEncoding = 4; lastKnownFileType = sourcecode.swift; path = MenuView.swift; sourceTree = "<group>"; };
		40D0503B2A9F0F7700D0566C /* Pixel.swift */ = {isa = PBXFileReference; fileEncoding = 4; lastKnownFileType = sourcecode.swift; path = Pixel.swift; sourceTree = "<group>"; };
		40D0503C2A9F0F7700D0566C /* Tip.swift */ = {isa = PBXFileReference; fileEncoding = 4; lastKnownFileType = sourcecode.swift; path = Tip.swift; sourceTree = "<group>"; };
		40D0503D2A9F0F7700D0566C /* History.swift */ = {isa = PBXFileReference; fileEncoding = 4; lastKnownFileType = sourcecode.swift; path = History.swift; sourceTree = "<group>"; };
		40D0503E2A9F0F7700D0566C /* RGBA32.swift */ = {isa = PBXFileReference; fileEncoding = 4; lastKnownFileType = sourcecode.swift; path = RGBA32.swift; sourceTree = "<group>"; };
		40D0503F2A9F0F7700D0566C /* Stroke.swift */ = {isa = PBXFileReference; fileEncoding = 4; lastKnownFileType = sourcecode.swift; path = Stroke.swift; sourceTree = "<group>"; };
		40D050452A9F0F8A00D0566C /* UIViewControllerExtension.swift */ = {isa = PBXFileReference; fileEncoding = 4; lastKnownFileType = sourcecode.swift; path = UIViewControllerExtension.swift; sourceTree = "<group>"; };
		40D050462A9F0F8A00D0566C /* CurveHelper.swift */ = {isa = PBXFileReference; fileEncoding = 4; lastKnownFileType = sourcecode.swift; path = CurveHelper.swift; sourceTree = "<group>"; };
		40D050472A9F0F8A00D0566C /* UIImageViewExtension.swift */ = {isa = PBXFileReference; fileEncoding = 4; lastKnownFileType = sourcecode.swift; path = UIImageViewExtension.swift; sourceTree = "<group>"; };
		40D050482A9F0F8B00D0566C /* UIColorExtension.swift */ = {isa = PBXFileReference; fileEncoding = 4; lastKnownFileType = sourcecode.swift; path = UIColorExtension.swift; sourceTree = "<group>"; };
		40D050492A9F0F8B00D0566C /* UIViewExtension.swift */ = {isa = PBXFileReference; fileEncoding = 4; lastKnownFileType = sourcecode.swift; path = UIViewExtension.swift; sourceTree = "<group>"; };
		40D050552A9F3D9900D0566C /* ContainerStackView.swift */ = {isa = PBXFileReference; lastKnownFileType = sourcecode.swift; path = ContainerStackView.swift; sourceTree = "<group>"; };
/* End PBXFileReference section */

/* Begin PBXFrameworksBuildPhase section */
		400310152A9C73670038E61B /* Frameworks */ = {
			isa = PBXFrameworksBuildPhase;
			buildActionMask = 2147483647;
			files = (
			);
			runOnlyForDeploymentPostprocessing = 0;
		};
		4003102B2A9C736B0038E61B /* Frameworks */ = {
			isa = PBXFrameworksBuildPhase;
			buildActionMask = 2147483647;
			files = (
			);
			runOnlyForDeploymentPostprocessing = 0;
		};
		400310352A9C736B0038E61B /* Frameworks */ = {
			isa = PBXFrameworksBuildPhase;
			buildActionMask = 2147483647;
			files = (
			);
			runOnlyForDeploymentPostprocessing = 0;
		};
/* End PBXFrameworksBuildPhase section */

/* Begin PBXGroup section */
		4003100F2A9C73670038E61B = {
			isa = PBXGroup;
			children = (
				4003101A2A9C73670038E61B /* Paintscape */,
				400310312A9C736B0038E61B /* PaintscapeTests */,
				4003103B2A9C736B0038E61B /* PaintscapeUITests */,
				400310192A9C73670038E61B /* Products */,
			);
			sourceTree = "<group>";
		};
		400310192A9C73670038E61B /* Products */ = {
			isa = PBXGroup;
			children = (
				400310182A9C73670038E61B /* Paintscape.app */,
				4003102E2A9C736B0038E61B /* PaintscapeTests.xctest */,
				400310382A9C736B0038E61B /* PaintscapeUITests.xctest */,
			);
			name = Products;
			sourceTree = "<group>";
		};
		4003101A2A9C73670038E61B /* Paintscape */ = {
			isa = PBXGroup;
			children = (
				4003101B2A9C73670038E61B /* AppDelegate.swift */,
				4003101D2A9C73670038E61B /* SceneDelegate.swift */,
				40D050312A9F0EA100D0566C /* AppViewController.swift */,
				40D0502D2A9F0E9400D0566C /* CanvasView.swift */,
				40D050352A9F0EAB00D0566C /* MagnifyingGlassView.swift */,
				40D050372A9F0EAF00D0566C /* MenuView.swift */,
				40D050552A9F3D9900D0566C /* ContainerStackView.swift */,
				40D050542A9F144000D0566C /* Struct */,
				40D050532A9F142900D0566C /* Extensions */,
				400310242A9C736A0038E61B /* Assets.xcassets */,
				400310292A9C736A0038E61B /* Info.plist */,
			);
			path = Paintscape;
			sourceTree = "<group>";
		};
		400310312A9C736B0038E61B /* PaintscapeTests */ = {
			isa = PBXGroup;
			children = (
				400310322A9C736B0038E61B /* PaintscapeTests.swift */,
			);
			path = PaintscapeTests;
			sourceTree = "<group>";
		};
		4003103B2A9C736B0038E61B /* PaintscapeUITests */ = {
			isa = PBXGroup;
			children = (
				4003103C2A9C736B0038E61B /* PaintscapeUITests.swift */,
				4003103E2A9C736B0038E61B /* PaintscapeUITestsLaunchTests.swift */,
			);
			path = PaintscapeUITests;
			sourceTree = "<group>";
		};
		40D050532A9F142900D0566C /* Extensions */ = {
			isa = PBXGroup;
			children = (
				40D050482A9F0F8B00D0566C /* UIColorExtension.swift */,
				40D050462A9F0F8A00D0566C /* CurveHelper.swift */,
				40D050472A9F0F8A00D0566C /* UIImageViewExtension.swift */,
				40D050452A9F0F8A00D0566C /* UIViewControllerExtension.swift */,
				40D050492A9F0F8B00D0566C /* UIViewExtension.swift */,
			);
			path = Extensions;
			sourceTree = "<group>";
		};
		40D050542A9F144000D0566C /* Struct */ = {
			isa = PBXGroup;
			children = (
				40D0503B2A9F0F7700D0566C /* Pixel.swift */,
				40D0503D2A9F0F7700D0566C /* History.swift */,
				40D0503F2A9F0F7700D0566C /* Stroke.swift */,
				40D0503E2A9F0F7700D0566C /* RGBA32.swift */,
				40D0503C2A9F0F7700D0566C /* Tip.swift */,
			);
			path = Struct;
			sourceTree = "<group>";
		};
/* End PBXGroup section */

/* Begin PBXNativeTarget section */
		400310172A9C73670038E61B /* Paintscape */ = {
			isa = PBXNativeTarget;
			buildConfigurationList = 400310422A9C736B0038E61B /* Build configuration list for PBXNativeTarget "Paintscape" */;
			buildPhases = (
				400310142A9C73670038E61B /* Sources */,
				400310152A9C73670038E61B /* Frameworks */,
				400310162A9C73670038E61B /* Resources */,
			);
			buildRules = (
			);
			dependencies = (
			);
			name = Paintscape;
			productName = idk;
			productReference = 400310182A9C73670038E61B /* Paintscape.app */;
			productType = "com.apple.product-type.application";
		};
		4003102D2A9C736B0038E61B /* PaintscapeTests */ = {
			isa = PBXNativeTarget;
			buildConfigurationList = 400310452A9C736B0038E61B /* Build configuration list for PBXNativeTarget "PaintscapeTests" */;
			buildPhases = (
				4003102A2A9C736B0038E61B /* Sources */,
				4003102B2A9C736B0038E61B /* Frameworks */,
				4003102C2A9C736B0038E61B /* Resources */,
			);
			buildRules = (
			);
			dependencies = (
				400310302A9C736B0038E61B /* PBXTargetDependency */,
			);
			name = PaintscapeTests;
			productName = idkTests;
			productReference = 4003102E2A9C736B0038E61B /* PaintscapeTests.xctest */;
			productType = "com.apple.product-type.bundle.unit-test";
		};
		400310372A9C736B0038E61B /* PaintscapeUITests */ = {
			isa = PBXNativeTarget;
			buildConfigurationList = 400310482A9C736B0038E61B /* Build configuration list for PBXNativeTarget "PaintscapeUITests" */;
			buildPhases = (
				400310342A9C736B0038E61B /* Sources */,
				400310352A9C736B0038E61B /* Frameworks */,
				400310362A9C736B0038E61B /* Resources */,
			);
			buildRules = (
			);
			dependencies = (
				4003103A2A9C736B0038E61B /* PBXTargetDependency */,
			);
			name = PaintscapeUITests;
			productName = idkUITests;
			productReference = 400310382A9C736B0038E61B /* PaintscapeUITests.xctest */;
			productType = "com.apple.product-type.bundle.ui-testing";
		};
/* End PBXNativeTarget section */

/* Begin PBXProject section */
		400310102A9C73670038E61B /* Project object */ = {
			isa = PBXProject;
			attributes = {
				BuildIndependentTargetsInParallel = 1;
				LastSwiftUpdateCheck = 1400;
				LastUpgradeCheck = 1400;
				TargetAttributes = {
					400310172A9C73670038E61B = {
						CreatedOnToolsVersion = 14.0.1;
					};
					4003102D2A9C736B0038E61B = {
						CreatedOnToolsVersion = 14.0.1;
						TestTargetID = 400310172A9C73670038E61B;
					};
					400310372A9C736B0038E61B = {
						CreatedOnToolsVersion = 14.0.1;
						TestTargetID = 400310172A9C73670038E61B;
					};
				};
			};
			buildConfigurationList = 400310132A9C73670038E61B /* Build configuration list for PBXProject "Paintscape" */;
			compatibilityVersion = "Xcode 14.0";
			developmentRegion = en;
			hasScannedForEncodings = 0;
			knownRegions = (
				en,
				Base,
			);
			mainGroup = 4003100F2A9C73670038E61B;
			productRefGroup = 400310192A9C73670038E61B /* Products */;
			projectDirPath = "";
			projectRoot = "";
			targets = (
				400310172A9C73670038E61B /* Paintscape */,
				4003102D2A9C736B0038E61B /* PaintscapeTests */,
				400310372A9C736B0038E61B /* PaintscapeUITests */,
			);
		};
/* End PBXProject section */

/* Begin PBXResourcesBuildPhase section */
		400310162A9C73670038E61B /* Resources */ = {
			isa = PBXResourcesBuildPhase;
			buildActionMask = 2147483647;
			files = (
				400310252A9C736A0038E61B /* Assets.xcassets in Resources */,
			);
			runOnlyForDeploymentPostprocessing = 0;
		};
		4003102C2A9C736B0038E61B /* Resources */ = {
			isa = PBXResourcesBuildPhase;
			buildActionMask = 2147483647;
			files = (
			);
			runOnlyForDeploymentPostprocessing = 0;
		};
		400310362A9C736B0038E61B /* Resources */ = {
			isa = PBXResourcesBuildPhase;
			buildActionMask = 2147483647;
			files = (
			);
			runOnlyForDeploymentPostprocessing = 0;
		};
/* End PBXResourcesBuildPhase section */

/* Begin PBXSourcesBuildPhase section */
		400310142A9C73670038E61B /* Sources */ = {
			isa = PBXSourcesBuildPhase;
			buildActionMask = 2147483647;
			files = (
				40D050442A9F0F7700D0566C /* Stroke.swift in Sources */,
				40D050362A9F0EAB00D0566C /* MagnifyingGlassView.swift in Sources */,
				40D0502E2A9F0E9400D0566C /* CanvasView.swift in Sources */,
				40D050422A9F0F7700D0566C /* History.swift in Sources */,
				40D050382A9F0EAF00D0566C /* MenuView.swift in Sources */,
				40D0504F2A9F0F8B00D0566C /* UIViewExtension.swift in Sources */,
				40D0504E2A9F0F8B00D0566C /* UIColorExtension.swift in Sources */,
				40D050402A9F0F7700D0566C /* Pixel.swift in Sources */,
				4003101C2A9C73670038E61B /* AppDelegate.swift in Sources */,
				40D0504C2A9F0F8B00D0566C /* CurveHelper.swift in Sources */,
				40D050322A9F0EA100D0566C /* AppViewController.swift in Sources */,
				40D050432A9F0F7700D0566C /* RGBA32.swift in Sources */,
				40D050562A9F3D9900D0566C /* ContainerStackView.swift in Sources */,
				40D050412A9F0F7700D0566C /* Tip.swift in Sources */,
				40D0504B2A9F0F8B00D0566C /* UIViewControllerExtension.swift in Sources */,
				40D0504D2A9F0F8B00D0566C /* UIImageViewExtension.swift in Sources */,
				4003101E2A9C73670038E61B /* SceneDelegate.swift in Sources */,
			);
			runOnlyForDeploymentPostprocessing = 0;
		};
		4003102A2A9C736B0038E61B /* Sources */ = {
			isa = PBXSourcesBuildPhase;
			buildActionMask = 2147483647;
			files = (
				40D050592A9F3E0400D0566C /* Pixel.swift in Sources */,
				40D0505C2A9F3E2900D0566C /* CurveHelper.swift in Sources */,
				40D050582A9F3DFF00D0566C /* History.swift in Sources */,
				40D0505B2A9F3E0900D0566C /* RGBA32.swift in Sources */,
				40D0505A2A9F3E0600D0566C /* Stroke.swift in Sources */,
				400310332A9C736B0038E61B /* PaintscapeTests.swift in Sources */,
				40D050572A9F3DF700D0566C /* Tip.swift in Sources */,
			);
			runOnlyForDeploymentPostprocessing = 0;
		};
		400310342A9C736B0038E61B /* Sources */ = {
			isa = PBXSourcesBuildPhase;
			buildActionMask = 2147483647;
			files = (
				4003103D2A9C736B0038E61B /* PaintscapeUITests.swift in Sources */,
				4003103F2A9C736B0038E61B /* PaintscapeUITestsLaunchTests.swift in Sources */,
			);
			runOnlyForDeploymentPostprocessing = 0;
		};
/* End PBXSourcesBuildPhase section */

/* Begin PBXTargetDependency section */
		400310302A9C736B0038E61B /* PBXTargetDependency */ = {
			isa = PBXTargetDependency;
			target = 400310172A9C73670038E61B /* Paintscape */;
			targetProxy = 4003102F2A9C736B0038E61B /* PBXContainerItemProxy */;
		};
		4003103A2A9C736B0038E61B /* PBXTargetDependency */ = {
			isa = PBXTargetDependency;
			target = 400310172A9C73670038E61B /* Paintscape */;
			targetProxy = 400310392A9C736B0038E61B /* PBXContainerItemProxy */;
		};
/* End PBXTargetDependency section */

/* Begin XCBuildConfiguration section */
		400310402A9C736B0038E61B /* Debug */ = {
			isa = XCBuildConfiguration;
			buildSettings = {
				ALWAYS_SEARCH_USER_PATHS = NO;
				CLANG_ANALYZER_NONNULL = YES;
				CLANG_ANALYZER_NUMBER_OBJECT_CONVERSION = YES_AGGRESSIVE;
				CLANG_CXX_LANGUAGE_STANDARD = "gnu++20";
				CLANG_ENABLE_MODULES = YES;
				CLANG_ENABLE_OBJC_ARC = YES;
				CLANG_ENABLE_OBJC_WEAK = YES;
				CLANG_WARN_BLOCK_CAPTURE_AUTORELEASING = YES;
				CLANG_WARN_BOOL_CONVERSION = YES;
				CLANG_WARN_COMMA = YES;
				CLANG_WARN_CONSTANT_CONVERSION = YES;
				CLANG_WARN_DEPRECATED_OBJC_IMPLEMENTATIONS = YES;
				CLANG_WARN_DIRECT_OBJC_ISA_USAGE = YES_ERROR;
				CLANG_WARN_DOCUMENTATION_COMMENTS = YES;
				CLANG_WARN_EMPTY_BODY = YES;
				CLANG_WARN_ENUM_CONVERSION = YES;
				CLANG_WARN_INFINITE_RECURSION = YES;
				CLANG_WARN_INT_CONVERSION = YES;
				CLANG_WARN_NON_LITERAL_NULL_CONVERSION = YES;
				CLANG_WARN_OBJC_IMPLICIT_RETAIN_SELF = YES;
				CLANG_WARN_OBJC_LITERAL_CONVERSION = YES;
				CLANG_WARN_OBJC_ROOT_CLASS = YES_ERROR;
				CLANG_WARN_QUOTED_INCLUDE_IN_FRAMEWORK_HEADER = YES;
				CLANG_WARN_RANGE_LOOP_ANALYSIS = YES;
				CLANG_WARN_STRICT_PROTOTYPES = YES;
				CLANG_WARN_SUSPICIOUS_MOVE = YES;
				CLANG_WARN_UNGUARDED_AVAILABILITY = YES_AGGRESSIVE;
				CLANG_WARN_UNREACHABLE_CODE = YES;
				CLANG_WARN__DUPLICATE_METHOD_MATCH = YES;
				COPY_PHASE_STRIP = NO;
				DEBUG_INFORMATION_FORMAT = dwarf;
				ENABLE_STRICT_OBJC_MSGSEND = YES;
				ENABLE_TESTABILITY = YES;
				GCC_C_LANGUAGE_STANDARD = gnu11;
				GCC_DYNAMIC_NO_PIC = NO;
				GCC_NO_COMMON_BLOCKS = YES;
				GCC_OPTIMIZATION_LEVEL = 0;
				GCC_PREPROCESSOR_DEFINITIONS = (
					"DEBUG=1",
					"$(inherited)",
				);
				GCC_WARN_64_TO_32_BIT_CONVERSION = YES;
				GCC_WARN_ABOUT_RETURN_TYPE = YES_ERROR;
				GCC_WARN_UNDECLARED_SELECTOR = YES;
				GCC_WARN_UNINITIALIZED_AUTOS = YES_AGGRESSIVE;
				GCC_WARN_UNUSED_FUNCTION = YES;
				GCC_WARN_UNUSED_VARIABLE = YES;
				IPHONEOS_DEPLOYMENT_TARGET = 16.0;
				MTL_ENABLE_DEBUG_INFO = INCLUDE_SOURCE;
				MTL_FAST_MATH = YES;
				ONLY_ACTIVE_ARCH = YES;
				SDKROOT = iphoneos;
				SWIFT_ACTIVE_COMPILATION_CONDITIONS = DEBUG;
				SWIFT_OPTIMIZATION_LEVEL = "-Onone";
			};
			name = Debug;
		};
		400310412A9C736B0038E61B /* Release */ = {
			isa = XCBuildConfiguration;
			buildSettings = {
				ALWAYS_SEARCH_USER_PATHS = NO;
				CLANG_ANALYZER_NONNULL = YES;
				CLANG_ANALYZER_NUMBER_OBJECT_CONVERSION = YES_AGGRESSIVE;
				CLANG_CXX_LANGUAGE_STANDARD = "gnu++20";
				CLANG_ENABLE_MODULES = YES;
				CLANG_ENABLE_OBJC_ARC = YES;
				CLANG_ENABLE_OBJC_WEAK = YES;
				CLANG_WARN_BLOCK_CAPTURE_AUTORELEASING = YES;
				CLANG_WARN_BOOL_CONVERSION = YES;
				CLANG_WARN_COMMA = YES;
				CLANG_WARN_CONSTANT_CONVERSION = YES;
				CLANG_WARN_DEPRECATED_OBJC_IMPLEMENTATIONS = YES;
				CLANG_WARN_DIRECT_OBJC_ISA_USAGE = YES_ERROR;
				CLANG_WARN_DOCUMENTATION_COMMENTS = YES;
				CLANG_WARN_EMPTY_BODY = YES;
				CLANG_WARN_ENUM_CONVERSION = YES;
				CLANG_WARN_INFINITE_RECURSION = YES;
				CLANG_WARN_INT_CONVERSION = YES;
				CLANG_WARN_NON_LITERAL_NULL_CONVERSION = YES;
				CLANG_WARN_OBJC_IMPLICIT_RETAIN_SELF = YES;
				CLANG_WARN_OBJC_LITERAL_CONVERSION = YES;
				CLANG_WARN_OBJC_ROOT_CLASS = YES_ERROR;
				CLANG_WARN_QUOTED_INCLUDE_IN_FRAMEWORK_HEADER = YES;
				CLANG_WARN_RANGE_LOOP_ANALYSIS = YES;
				CLANG_WARN_STRICT_PROTOTYPES = YES;
				CLANG_WARN_SUSPICIOUS_MOVE = YES;
				CLANG_WARN_UNGUARDED_AVAILABILITY = YES_AGGRESSIVE;
				CLANG_WARN_UNREACHABLE_CODE = YES;
				CLANG_WARN__DUPLICATE_METHOD_MATCH = YES;
				COPY_PHASE_STRIP = NO;
				DEBUG_INFORMATION_FORMAT = "dwarf-with-dsym";
				ENABLE_NS_ASSERTIONS = NO;
				ENABLE_STRICT_OBJC_MSGSEND = YES;
				GCC_C_LANGUAGE_STANDARD = gnu11;
				GCC_NO_COMMON_BLOCKS = YES;
				GCC_WARN_64_TO_32_BIT_CONVERSION = YES;
				GCC_WARN_ABOUT_RETURN_TYPE = YES_ERROR;
				GCC_WARN_UNDECLARED_SELECTOR = YES;
				GCC_WARN_UNINITIALIZED_AUTOS = YES_AGGRESSIVE;
				GCC_WARN_UNUSED_FUNCTION = YES;
				GCC_WARN_UNUSED_VARIABLE = YES;
				IPHONEOS_DEPLOYMENT_TARGET = 16.0;
				MTL_ENABLE_DEBUG_INFO = NO;
				MTL_FAST_MATH = YES;
				SDKROOT = iphoneos;
				SWIFT_COMPILATION_MODE = wholemodule;
				SWIFT_OPTIMIZATION_LEVEL = "-O";
				VALIDATE_PRODUCT = YES;
			};
			name = Release;
		};
		400310432A9C736B0038E61B /* Debug */ = {
			isa = XCBuildConfiguration;
			buildSettings = {
				ASSETCATALOG_COMPILER_APPICON_NAME = AppIcon;
				ASSETCATALOG_COMPILER_GLOBAL_ACCENT_COLOR_NAME = AccentColor;
				CODE_SIGN_STYLE = Automatic;
				CURRENT_PROJECT_VERSION = 1;
				DEVELOPMENT_TEAM = AV5T75VG6K;
				GENERATE_INFOPLIST_FILE = YES;
				INFOPLIST_FILE = Paintscape/Info.plist;
				INFOPLIST_KEY_UIApplicationSupportsIndirectInputEvents = YES;
				INFOPLIST_KEY_UILaunchStoryboardName = LaunchScreen;
				INFOPLIST_KEY_UISupportedInterfaceOrientations_iPad = "UIInterfaceOrientationPortrait UIInterfaceOrientationPortraitUpsideDown UIInterfaceOrientationLandscapeLeft UIInterfaceOrientationLandscapeRight";
				INFOPLIST_KEY_UISupportedInterfaceOrientations_iPhone = "UIInterfaceOrientationPortrait UIInterfaceOrientationLandscapeLeft UIInterfaceOrientationLandscapeRight";
				LD_RUNPATH_SEARCH_PATHS = (
					"$(inherited)",
					"@executable_path/Frameworks",
				);
				MARKETING_VERSION = 1.0;
				PRODUCT_BUNDLE_IDENTIFIER = acherian.Paintscape;
				PRODUCT_NAME = "$(TARGET_NAME)";
				SWIFT_EMIT_LOC_STRINGS = YES;
				SWIFT_VERSION = 5.0;
				TARGETED_DEVICE_FAMILY = "1,2";
			};
			name = Debug;
		};
		400310442A9C736B0038E61B /* Release */ = {
			isa = XCBuildConfiguration;
			buildSettings = {
				ASSETCATALOG_COMPILER_APPICON_NAME = AppIcon;
				ASSETCATALOG_COMPILER_GLOBAL_ACCENT_COLOR_NAME = AccentColor;
				CODE_SIGN_STYLE = Automatic;
				CURRENT_PROJECT_VERSION = 1;
				DEVELOPMENT_TEAM = AV5T75VG6K;
				GENERATE_INFOPLIST_FILE = YES;
				INFOPLIST_FILE = Paintscape/Info.plist;
				INFOPLIST_KEY_UIApplicationSupportsIndirectInputEvents = YES;
				INFOPLIST_KEY_UILaunchStoryboardName = LaunchScreen;
				INFOPLIST_KEY_UISupportedInterfaceOrientations_iPad = "UIInterfaceOrientationPortrait UIInterfaceOrientationPortraitUpsideDown UIInterfaceOrientationLandscapeLeft UIInterfaceOrientationLandscapeRight";
				INFOPLIST_KEY_UISupportedInterfaceOrientations_iPhone = "UIInterfaceOrientationPortrait UIInterfaceOrientationLandscapeLeft UIInterfaceOrientationLandscapeRight";
				LD_RUNPATH_SEARCH_PATHS = (
					"$(inherited)",
					"@executable_path/Frameworks",
				);
				MARKETING_VERSION = 1.0;
				PRODUCT_BUNDLE_IDENTIFIER = acherian.Paintscape;
				PRODUCT_NAME = "$(TARGET_NAME)";
				SWIFT_EMIT_LOC_STRINGS = YES;
				SWIFT_VERSION = 5.0;
				TARGETED_DEVICE_FAMILY = "1,2";
			};
			name = Release;
		};
		400310462A9C736B0038E61B /* Debug */ = {
			isa = XCBuildConfiguration;
			buildSettings = {
				ALWAYS_EMBED_SWIFT_STANDARD_LIBRARIES = YES;
				BUNDLE_LOADER = "$(TEST_HOST)";
				CODE_SIGN_STYLE = Automatic;
				CURRENT_PROJECT_VERSION = 1;
				DEVELOPMENT_TEAM = AV5T75VG6K;
				GENERATE_INFOPLIST_FILE = YES;
				IPHONEOS_DEPLOYMENT_TARGET = 16.0;
				MARKETING_VERSION = 1.0;
				PRODUCT_BUNDLE_IDENTIFIER = acherian.PaintscapeTests;
				PRODUCT_NAME = "$(TARGET_NAME)";
				SWIFT_EMIT_LOC_STRINGS = NO;
				SWIFT_VERSION = 5.0;
				TARGETED_DEVICE_FAMILY = "1,2";
				TEST_HOST = "$(BUILT_PRODUCTS_DIR)/Paintscape.app/$(BUNDLE_EXECUTABLE_FOLDER_PATH)/Paintscape";
			};
			name = Debug;
		};
		400310472A9C736B0038E61B /* Release */ = {
			isa = XCBuildConfiguration;
			buildSettings = {
				ALWAYS_EMBED_SWIFT_STANDARD_LIBRARIES = YES;
				BUNDLE_LOADER = "$(TEST_HOST)";
				CODE_SIGN_STYLE = Automatic;
				CURRENT_PROJECT_VERSION = 1;
				DEVELOPMENT_TEAM = AV5T75VG6K;
				GENERATE_INFOPLIST_FILE = YES;
				IPHONEOS_DEPLOYMENT_TARGET = 16.0;
				MARKETING_VERSION = 1.0;
				PRODUCT_BUNDLE_IDENTIFIER = acherian.PaintscapeTests;
				PRODUCT_NAME = "$(TARGET_NAME)";
				SWIFT_EMIT_LOC_STRINGS = NO;
				SWIFT_VERSION = 5.0;
				TARGETED_DEVICE_FAMILY = "1,2";
				TEST_HOST = "$(BUILT_PRODUCTS_DIR)/Paintscape.app/$(BUNDLE_EXECUTABLE_FOLDER_PATH)/Paintscape";
			};
			name = Release;
		};
		400310492A9C736B0038E61B /* Debug */ = {
			isa = XCBuildConfiguration;
			buildSettings = {
				ALWAYS_EMBED_SWIFT_STANDARD_LIBRARIES = YES;
				CODE_SIGN_STYLE = Automatic;
				CURRENT_PROJECT_VERSION = 1;
				DEVELOPMENT_TEAM = AV5T75VG6K;
				GENERATE_INFOPLIST_FILE = YES;
				MARKETING_VERSION = 1.0;
				PRODUCT_BUNDLE_IDENTIFIER = acherian.PaintscapeUITests;
				PRODUCT_NAME = "$(TARGET_NAME)";
				SWIFT_EMIT_LOC_STRINGS = NO;
				SWIFT_VERSION = 5.0;
				TARGETED_DEVICE_FAMILY = "1,2";
				TEST_TARGET_NAME = Paintscape;
			};
			name = Debug;
		};
		4003104A2A9C736B0038E61B /* Release */ = {
			isa = XCBuildConfiguration;
			buildSettings = {
				ALWAYS_EMBED_SWIFT_STANDARD_LIBRARIES = YES;
				CODE_SIGN_STYLE = Automatic;
				CURRENT_PROJECT_VERSION = 1;
				DEVELOPMENT_TEAM = AV5T75VG6K;
				GENERATE_INFOPLIST_FILE = YES;
				MARKETING_VERSION = 1.0;
				PRODUCT_BUNDLE_IDENTIFIER = acherian.PaintscapeUITests;
				PRODUCT_NAME = "$(TARGET_NAME)";
				SWIFT_EMIT_LOC_STRINGS = NO;
				SWIFT_VERSION = 5.0;
				TARGETED_DEVICE_FAMILY = "1,2";
				TEST_TARGET_NAME = Paintscape;
			};
			name = Release;
		};
/* End XCBuildConfiguration section */

/* Begin XCConfigurationList section */
		400310132A9C73670038E61B /* Build configuration list for PBXProject "Paintscape" */ = {
			isa = XCConfigurationList;
			buildConfigurations = (
				400310402A9C736B0038E61B /* Debug */,
				400310412A9C736B0038E61B /* Release */,
			);
			defaultConfigurationIsVisible = 0;
			defaultConfigurationName = Release;
		};
		400310422A9C736B0038E61B /* Build configuration list for PBXNativeTarget "Paintscape" */ = {
			isa = XCConfigurationList;
			buildConfigurations = (
				400310432A9C736B0038E61B /* Debug */,
				400310442A9C736B0038E61B /* Release */,
			);
			defaultConfigurationIsVisible = 0;
			defaultConfigurationName = Release;
		};
		400310452A9C736B0038E61B /* Build configuration list for PBXNativeTarget "PaintscapeTests" */ = {
			isa = XCConfigurationList;
			buildConfigurations = (
				400310462A9C736B0038E61B /* Debug */,
				400310472A9C736B0038E61B /* Release */,
			);
			defaultConfigurationIsVisible = 0;
			defaultConfigurationName = Release;
		};
		400310482A9C736B0038E61B /* Build configuration list for PBXNativeTarget "PaintscapeUITests" */ = {
			isa = XCConfigurationList;
			buildConfigurations = (
				400310492A9C736B0038E61B /* Debug */,
				4003104A2A9C736B0038E61B /* Release */,
			);
			defaultConfigurationIsVisible = 0;
			defaultConfigurationName = Release;
		};
/* End XCConfigurationList section */
	};
	rootObject = 400310102A9C73670038E61B /* Project object */;
}
